
Microsoft Visual Studio Solution File, Format Version 12.00
# Visual Studio Version 17
VisualStudioVersion = 17.0.32112.339
MinimumVisualStudioVersion = 10.0.40219.1
Project("{FAE04EC0-301F-11D3-BF4B-00C04F79EFBC}") = "GenericsMax", "GenericsMax.csproj", "{C21EE434-06C4-4E47-B3B7-45B863104F2C}"
EndProject
Project("{FAE04EC0-301F-11D3-BF4B-00C04F79EFBC}") = "GenericMaxTest", "..\GenericMaxTest\GenericMaxTest.csproj", "{85D08D70-D5D4-48A4-B5A3-AD28A3BFA3FE}"
EndProject
Global
	GlobalSection(SolutionConfigurationPlatforms) = preSolution
		Debug|Any CPU = Debug|Any CPU
		Release|Any CPU = Release|Any CPU
	EndGlobalSection
	GlobalSection(ProjectConfigurationPlatforms) = postSolution
		{C21EE434-06C4-4E47-B3B7-45B863104F2C}.Debug|Any CPU.ActiveCfg = Debug|Any CPU
		{C21EE434-06C4-4E47-B3B7-45B863104F2C}.Debug|Any CPU.Build.0 = Debug|Any CPU
		{C21EE434-06C4-4E47-B3B7-45B863104F2C}.Release|Any CPU.ActiveCfg = Release|Any CPU
		{C21EE434-06C4-4E47-B3B7-45B863104F2C}.Release|Any CPU.Build.0 = Release|Any CPU
		{85D08D70-D5D4-48A4-B5A3-AD28A3BFA3FE}.Debug|Any CPU.ActiveCfg = Debug|Any CPU
		{85D08D70-D5D4-48A4-B5A3-AD28A3BFA3FE}.Debug|Any CPU.Build.0 = Debug|Any CPU
		{85D08D70-D5D4-48A4-B5A3-AD28A3BFA3FE}.Release|Any CPU.ActiveCfg = Release|Any CPU
		{85D08D70-D5D4-48A4-B5A3-AD28A3BFA3FE}.Release|Any CPU.Build.0 = Release|Any CPU
	EndGlobalSection
	GlobalSection(SolutionProperties) = preSolution
		HideSolutionNode = FALSE
	EndGlobalSection
	GlobalSection(ExtensibilityGlobals) = postSolution
		SolutionGuid = {9F0FB5B7-95DB-48AE-A322-3007D56ECDEB}
	EndGlobalSection
EndGlobal
